
Microsoft Visual Studio Solution File, Format Version 12.00
# Visual Studio Version 16
VisualStudioVersion = 16.0.31129.286
MinimumVisualStudioVersion = 10.0.40219.1
Project("{FAE04EC0-301F-11D3-BF4B-00C04F79EFBC}") = "Tshirt.API", "TshirtApp\Tshirt.API.csproj", "{BD930DBD-CB7D-49EF-8388-BF6A6094BCF1}"
EndProject
Project("{FAE04EC0-301F-11D3-BF4B-00C04F79EFBC}") = "Tshirt.Services", "Tshirt.Services\Tshirt.Services.csproj", "{5A3B3328-472E-4A16-BFDB-1BD9116A42CC}"
EndProject
Project("{FAE04EC0-301F-11D3-BF4B-00C04F79EFBC}") = "Tshirt.Entities", "Tshirt.Entities\Tshirt.Entities.csproj", "{D0AFE95E-AFCB-454A-9A9A-95D69EAECB2C}"
EndProject
Global
	GlobalSection(SolutionConfigurationPlatforms) = preSolution
		Debug|Any CPU = Debug|Any CPU
		Release|Any CPU = Release|Any CPU
	EndGlobalSection
	GlobalSection(ProjectConfigurationPlatforms) = postSolution
		{BD930DBD-CB7D-49EF-8388-BF6A6094BCF1}.Debug|Any CPU.ActiveCfg = Debug|Any CPU
		{BD930DBD-CB7D-49EF-8388-BF6A6094BCF1}.Debug|Any CPU.Build.0 = Debug|Any CPU
		{BD930DBD-CB7D-49EF-8388-BF6A6094BCF1}.Release|Any CPU.ActiveCfg = Release|Any CPU
		{BD930DBD-CB7D-49EF-8388-BF6A6094BCF1}.Release|Any CPU.Build.0 = Release|Any CPU
		{5A3B3328-472E-4A16-BFDB-1BD9116A42CC}.Debug|Any CPU.ActiveCfg = Debug|Any CPU
		{5A3B3328-472E-4A16-BFDB-1BD9116A42CC}.Debug|Any CPU.Build.0 = Debug|Any CPU
		{5A3B3328-472E-4A16-BFDB-1BD9116A42CC}.Release|Any CPU.ActiveCfg = Release|Any CPU
		{5A3B3328-472E-4A16-BFDB-1BD9116A42CC}.Release|Any CPU.Build.0 = Release|Any CPU
		{D0AFE95E-AFCB-454A-9A9A-95D69EAECB2C}.Debug|Any CPU.ActiveCfg = Debug|Any CPU
		{D0AFE95E-AFCB-454A-9A9A-95D69EAECB2C}.Debug|Any CPU.Build.0 = Debug|Any CPU
		{D0AFE95E-AFCB-454A-9A9A-95D69EAECB2C}.Release|Any CPU.ActiveCfg = Release|Any CPU
		{D0AFE95E-AFCB-454A-9A9A-95D69EAECB2C}.Release|Any CPU.Build.0 = Release|Any CPU
	EndGlobalSection
	GlobalSection(SolutionProperties) = preSolution
		HideSolutionNode = FALSE
	EndGlobalSection
	GlobalSection(ExtensibilityGlobals) = postSolution
		SolutionGuid = {78296247-3EDD-44A1-B77D-05E17D88C394}
	EndGlobalSection
EndGlobal
